Microsoft Visual Studio Solution File, Format Version 12.00
# Visual Studio 2012
Project("{FAE04EC0-301F-11D3-BF4B-00C04F79EFBC}") = "BackProcessClientCS", "BackProcessClientCS\BackProcessClientCS.csproj", "{A6B127B1-E4DD-46EC-9439-3C5D8BE97E24}"
EndProject
Project("{FAE04EC0-301F-11D3-BF4B-00C04F79EFBC}") = "BankLib", "BankLib\BankLib.csproj", "{BF8AA36E-9573-49A0-9B3B-2935CCFC8731}"
EndProject
Project("{FAE04EC0-301F-11D3-BF4B-00C04F79EFBC}") = "commLib", "COMMLIB\commLib.csproj", "{C747901F-7EE1-4AED-AB7B-547C6AEC99A0}"
EndProject
Project("{FAE04EC0-301F-11D3-BF4B-00C04F79EFBC}") = "DataAccess", "DATAACCESS\DataAccess.csproj", "{3F80E194-4A0B-4E45-BB3E-5E482BF3139F}"
EndProject
Project("{FAE04EC0-301F-11D3-BF4B-00C04F79EFBC}") = "ICEAccess", "ICEAccess\ICEAccess.csproj", "{1434C13F-494A-4196-8733-A3EDD0E5D6A5}"
EndProject
Project("{FAE04EC0-301F-11D3-BF4B-00C04F79EFBC}") = "UserRights", "UserRights\UserRights.csproj", "{54B9173D-E1E9-4783-925A-36E08E9690CF}"
EndProject
Project("{FAE04EC0-301F-11D3-BF4B-00C04F79EFBC}") = "KF_SERVICE", "KF_SERVICE\KF_SERVICE.csproj", "{B6F47364-DF03-492A-A94D-B4A347CD4991}"
EndProject
Project("{FAE04EC0-301F-11D3-BF4B-00C04F79EFBC}") = "kf_web", "KF_WEB\kf_web.csproj", "{EDA311FE-54EE-4358-93CD-4AD933D34AC6}"
EndProject
Project("{FAE04EC0-301F-11D3-BF4B-00C04F79EFBC}") = "CFT.CSOMS.BLL", "CFT.CSOMS.BLL\CFT.CSOMS.BLL.csproj", "{74C3108C-141B-4ABE-8B10-663DAEE8AC5E}"
EndProject
Project("{FAE04EC0-301F-11D3-BF4B-00C04F79EFBC}") = "CFT.CSOMS.DAL", "CFT.CSOMS.DAL\CFT.CSOMS.DAL.csproj", "{6C10B34D-4B02-4F2C-A964-8955677A5213}"
EndProject
Project("{FAE04EC0-301F-11D3-BF4B-00C04F79EFBC}") = "KF_Test", "KF_Test\KF_Test.csproj", "{E73F5EDD-E10B-4171-9195-4D1881AEE3D4}"
EndProject
Global
	GlobalSection(SolutionConfigurationPlatforms) = preSolution
		Debug|Any CPU = Debug|Any CPU
		Release|Any CPU = Release|Any CPU
	EndGlobalSection
	GlobalSection(ProjectConfigurationPlatforms) = postSolution
		{A6B127B1-E4DD-46EC-9439-3C5D8BE97E24}.Debug|Any CPU.ActiveCfg = Debug|Any CPU
		{A6B127B1-E4DD-46EC-9439-3C5D8BE97E24}.Debug|Any CPU.Build.0 = Debug|Any CPU
		{A6B127B1-E4DD-46EC-9439-3C5D8BE97E24}.Release|Any CPU.ActiveCfg = Release|Any CPU
		{A6B127B1-E4DD-46EC-9439-3C5D8BE97E24}.Release|Any CPU.Build.0 = Release|Any CPU
		{BF8AA36E-9573-49A0-9B3B-2935CCFC8731}.Debug|Any CPU.ActiveCfg = Debug|Any CPU
		{BF8AA36E-9573-49A0-9B3B-2935CCFC8731}.Debug|Any CPU.Build.0 = Debug|Any CPU
		{BF8AA36E-9573-49A0-9B3B-2935CCFC8731}.Release|Any CPU.ActiveCfg = Release|Any CPU
		{BF8AA36E-9573-49A0-9B3B-2935CCFC8731}.Release|Any CPU.Build.0 = Release|Any CPU
		{C747901F-7EE1-4AED-AB7B-547C6AEC99A0}.Debug|Any CPU.ActiveCfg = Debug|Any CPU
		{C747901F-7EE1-4AED-AB7B-547C6AEC99A0}.Debug|Any CPU.Build.0 = Debug|Any CPU
		{C747901F-7EE1-4AED-AB7B-547C6AEC99A0}.Release|Any CPU.ActiveCfg = Release|Any CPU
		{C747901F-7EE1-4AED-AB7B-547C6AEC99A0}.Release|Any CPU.Build.0 = Release|Any CPU
		{3F80E194-4A0B-4E45-BB3E-5E482BF3139F}.Debug|Any CPU.ActiveCfg = Debug|Any CPU
		{3F80E194-4A0B-4E45-BB3E-5E482BF3139F}.Debug|Any CPU.Build.0 = Debug|Any CPU
		{3F80E194-4A0B-4E45-BB3E-5E482BF3139F}.Release|Any CPU.ActiveCfg = Release|Any CPU
		{3F80E194-4A0B-4E45-BB3E-5E482BF3139F}.Release|Any CPU.Build.0 = Release|Any CPU
		{1434C13F-494A-4196-8733-A3EDD0E5D6A5}.Debug|Any CPU.ActiveCfg = Debug|Any CPU
		{1434C13F-494A-4196-8733-A3EDD0E5D6A5}.Debug|Any CPU.Build.0 = Debug|Any CPU
		{1434C13F-494A-4196-8733-A3EDD0E5D6A5}.Release|Any CPU.ActiveCfg = Release|Any CPU
		{1434C13F-494A-4196-8733-A3EDD0E5D6A5}.Release|Any CPU.Build.0 = Release|Any CPU
		{54B9173D-E1E9-4783-925A-36E08E9690CF}.Debug|Any CPU.ActiveCfg = Debug|Any CPU
		{54B9173D-E1E9-4783-925A-36E08E9690CF}.Debug|Any CPU.Build.0 = Debug|Any CPU
		{54B9173D-E1E9-4783-925A-36E08E9690CF}.Release|Any CPU.ActiveCfg = Release|Any CPU
		{54B9173D-E1E9-4783-925A-36E08E9690CF}.Release|Any CPU.Build.0 = Release|Any CPU
		{B6F47364-DF03-492A-A94D-B4A347CD4991}.Debug|Any CPU.ActiveCfg = Debug|Any CPU
		{B6F47364-DF03-492A-A94D-B4A347CD4991}.Debug|Any CPU.Build.0 = Debug|Any CPU
		{B6F47364-DF03-492A-A94D-B4A347CD4991}.Release|Any CPU.ActiveCfg = Release|Any CPU
		{B6F47364-DF03-492A-A94D-B4A347CD4991}.Release|Any CPU.Build.0 = Release|Any CPU
		{EDA311FE-54EE-4358-93CD-4AD933D34AC6}.Debug|Any CPU.ActiveCfg = Debug|Any CPU
		{EDA311FE-54EE-4358-93CD-4AD933D34AC6}.Debug|Any CPU.Build.0 = Debug|Any CPU
		{EDA311FE-54EE-4358-93CD-4AD933D34AC6}.Release|Any CPU.ActiveCfg = Release|Any CPU
		{EDA311FE-54EE-4358-93CD-4AD933D34AC6}.Release|Any CPU.Build.0 = Release|Any CPU
		{74C3108C-141B-4ABE-8B10-663DAEE8AC5E}.Debug|Any CPU.ActiveCfg = Debug|Any CPU
		{74C3108C-141B-4ABE-8B10-663DAEE8AC5E}.Debug|Any CPU.Build.0 = Debug|Any CPU
		{74C3108C-141B-4ABE-8B10-663DAEE8AC5E}.Release|Any CPU.ActiveCfg = Release|Any CPU
		{74C3108C-141B-4ABE-8B10-663DAEE8AC5E}.Release|Any CPU.Build.0 = Release|Any CPU
		{6C10B34D-4B02-4F2C-A964-8955677A5213}.Debug|Any CPU.ActiveCfg = Debug|Any CPU
		{6C10B34D-4B02-4F2C-A964-8955677A5213}.Debug|Any CPU.Build.0 = Debug|Any CPU
		{6C10B34D-4B02-4F2C-A964-8955677A5213}.Release|Any CPU.ActiveCfg = Release|Any CPU
		{6C10B34D-4B02-4F2C-A964-8955677A5213}.Release|Any CPU.Build.0 = Release|Any CPU
		{E73F5EDD-E10B-4171-9195-4D1881AEE3D4}.Debug|Any CPU.ActiveCfg = Debug|Any CPU
		{E73F5EDD-E10B-4171-9195-4D1881AEE3D4}.Debug|Any CPU.Build.0 = Debug|Any CPU
		{E73F5EDD-E10B-4171-9195-4D1881AEE3D4}.Release|Any CPU.ActiveCfg = Release|Any CPU
		{E73F5EDD-E10B-4171-9195-4D1881AEE3D4}.Release|Any CPU.Build.0 = Release|Any CPU
	EndGlobalSection
	GlobalSection(SolutionProperties) = preSolution
		HideSolutionNode = FALSE
	EndGlobalSection
EndGlobal
