Microsoft Visual Studio Solution File, Format Version 12.00
# Visual Studio 2012
Project("{FAE04EC0-301F-11D3-BF4B-00C04F79EFBC}") = "BackProcessClientCS", "BackProcessClientCS\BackProcessClientCS.csproj", "{A6B127B1-E4DD-46EC-9439-3C5D8BE97E24}"
EndProject
Project("{FAE04EC0-301F-11D3-BF4B-00C04F79EFBC}") = "BankLib", "BankLib\BankLib.csproj", "{BF8AA36E-9573-49A0-9B3B-2935CCFC8731}"
EndProject
Project("{FAE04EC0-301F-11D3-BF4B-00C04F79EFBC}") = "commLib", "COMMLIB\commLib.csproj", "{C747901F-7EE1-4AED-AB7B-547C6AEC99A0}"
EndProject
Project("{FAE04EC0-301F-11D3-BF4B-00C04F79EFBC}") = "DataAccess", "DATAACCESS\DataAccess.csproj", "{3F80E194-4A0B-4E45-BB3E-5E482BF3139F}"
EndProject
Project("{FAE04EC0-301F-11D3-BF4B-00C04F79EFBC}") = "ICEAccess", "ICEAccess\ICEAccess.csproj", "{1434C13F-494A-4196-8733-A3EDD0E5D6A5}"
EndProject
Project("{FAE04EC0-301F-11D3-BF4B-00C04F79EFBC}") = "UserRights", "UserRights\UserRights.csproj", "{54B9173D-E1E9-4783-925A-36E08E9690CF}"
EndProject
Project("{FAE04EC0-301F-11D3-BF4B-00C04F79EFBC}") = "KF_SERVICE", "KF_SERVICE\KF_SERVICE.csproj", "{B6F47364-DF03-492A-A94D-B4A347CD4991}"
EndProject
Project("{FAE04EC0-301F-11D3-BF4B-00C04F79EFBC}") = "kf_web", "KF_WEB\kf_web.csproj", "{EDA311FE-54EE-4358-93CD-4AD933D34AC6}"
EndProject
Project("{FAE04EC0-301F-11D3-BF4B-00C04F79EFBC}") = "CFT.CSOMS.BLL", "CFT.CSOMS.BLL\CFT.CSOMS.BLL.csproj", "{74C3108C-141B-4ABE-8B10-663DAEE8AC5E}"
EndProject
Project("{FAE04EC0-301F-11D3-BF4B-00C04F79EFBC}") = "CFT.CSOMS.DAL", "CFT.CSOMS.DAL\CFT.CSOMS.DAL.csproj", "{6C10B34D-4B02-4F2C-A964-8955677A5213}"
EndProject
Project("{FAE04EC0-301F-11D3-BF4B-00C04F79EFBC}") = "KF_Test", "KF_Test\KF_Test.csproj", "{E73F5EDD-E10B-4171-9195-4D1881AEE3D4}"
EndProject
Project("{2150E333-8FDC-42A3-9474-1A3956D46DE8}") = "1-Presentation", "1-Presentation", "{08C7725B-C66C-4D41-9FF3-AA3A75A091ED}"
EndProject
Project("{2150E333-8FDC-42A3-9474-1A3956D46DE8}") = "3-Domain", "3-Domain", "{422B0FB0-B210-4FFA-8D78-05232058186E}"
EndProject
Project("{2150E333-8FDC-42A3-9474-1A3956D46DE8}") = "4-Infrastructure", "4-Infrastructure", "{D1E21502-D146-4A1A-A3C0-DAC97E8A8171}"
EndProject
Project("{2150E333-8FDC-42A3-9474-1A3956D46DE8}") = "0-Design", "0-Design", "{D9A93F84-82B8-4896-AD69-2EF2EDF5F19D}"
EndProject
Project("{2150E333-8FDC-42A3-9474-1A3956D46DE8}") = "5-Obsolete", "5-Obsolete", "{5C8F0A98-3A32-4766-8DFE-71550844CFD8}"
EndProject
Project("{2150E333-8FDC-42A3-9474-1A3956D46DE8}") = "2-Distributed Services", "2-Distributed Services", "{3783C6AA-3D13-4D6F-947B-87D7EAE48D3F}"
EndProject
Project("{F088123C-0E9E-452A-89E6-6BA2F21D5CAC}") = "CFT.CSOMS.UML", "CFT.CSOMS.UML\CFT.CSOMS.UML.modelproj", "{1142E396-AED6-440D-B55D-1A21ABB397AF}"
EndProject
Project("{FAE04EC0-301F-11D3-BF4B-00C04F79EFBC}") = "CFT.CSOMS.Crosscutting", "CFT.CSOMS.Crosscutting\CFT.CSOMS.Crosscutting.csproj", "{EAF1DF03-3DD6-45A6-9D07-E70389FCF385}"
EndProject
Project("{FAE04EC0-301F-11D3-BF4B-00C04F79EFBC}") = "CFT.CSOMS.DistributedService.Tests", "CFT.CSOMS.DistributedService.Tests\CFT.CSOMS.DistributedService.Tests.csproj", "{D7C4A5B1-9E4C-4512-88E5-117DD7305C40}"
EndProject
Project("{FAE04EC0-301F-11D3-BF4B-00C04F79EFBC}") = "CFT.CSOMS.BLL.Tests", "CFT.CSOMS.BLL.Tests\CFT.CSOMS.BLL.Tests.csproj", "{AE9CBC0A-0F5A-4B9B-9B6F-787454F02B4A}"
EndProject
Project("{2150E333-8FDC-42A3-9474-1A3956D46DE8}") = "4.1-Data", "4.1-Data", "{754B9CDA-0C8F-40FF-A0E0-EE435E87CE9B}"
EndProject
Project("{2150E333-8FDC-42A3-9474-1A3956D46DE8}") = "4.2-CrossCutting", "4.2-CrossCutting", "{939A547D-267D-400A-A493-42B511126B66}"
EndProject
Project("{FAE04EC0-301F-11D3-BF4B-00C04F79EFBC}") = "CFT.CSOMS.DAL.Tests", "CFT.CSOMS.DAL.Tests\CFT.CSOMS.DAL.Tests.csproj", "{3A3CEF94-9593-4AF6-807A-3405B0E7603E}"
EndProject
Project("{FAE04EC0-301F-11D3-BF4B-00C04F79EFBC}") = "CFT.CSOMS.Crosscutting.Tests", "CFT.CSOMS.Crosscutting.Tests\CFT.CSOMS.Crosscutting.Tests.csproj", "{E850BB01-20C5-42EF-8543-DBEBE917E4E1}"
EndProject
Global
	GlobalSection(SolutionConfigurationPlatforms) = preSolution
		Debug|Any CPU = Debug|Any CPU
		Release|Any CPU = Release|Any CPU
	EndGlobalSection
	GlobalSection(ProjectConfigurationPlatforms) = postSolution
		{A6B127B1-E4DD-46EC-9439-3C5D8BE97E24}.Debug|Any CPU.ActiveCfg = Debug|Any CPU
		{A6B127B1-E4DD-46EC-9439-3C5D8BE97E24}.Debug|Any CPU.Build.0 = Debug|Any CPU
		{A6B127B1-E4DD-46EC-9439-3C5D8BE97E24}.Release|Any CPU.ActiveCfg = Release|Any CPU
		{A6B127B1-E4DD-46EC-9439-3C5D8BE97E24}.Release|Any CPU.Build.0 = Release|Any CPU
		{BF8AA36E-9573-49A0-9B3B-2935CCFC8731}.Debug|Any CPU.ActiveCfg = Debug|Any CPU
		{BF8AA36E-9573-49A0-9B3B-2935CCFC8731}.Debug|Any CPU.Build.0 = Debug|Any CPU
		{BF8AA36E-9573-49A0-9B3B-2935CCFC8731}.Release|Any CPU.ActiveCfg = Release|Any CPU
		{BF8AA36E-9573-49A0-9B3B-2935CCFC8731}.Release|Any CPU.Build.0 = Release|Any CPU
		{C747901F-7EE1-4AED-AB7B-547C6AEC99A0}.Debug|Any CPU.ActiveCfg = Debug|Any CPU
		{C747901F-7EE1-4AED-AB7B-547C6AEC99A0}.Debug|Any CPU.Build.0 = Debug|Any CPU
		{C747901F-7EE1-4AED-AB7B-547C6AEC99A0}.Release|Any CPU.ActiveCfg = Release|Any CPU
		{C747901F-7EE1-4AED-AB7B-547C6AEC99A0}.Release|Any CPU.Build.0 = Release|Any CPU
		{3F80E194-4A0B-4E45-BB3E-5E482BF3139F}.Debug|Any CPU.ActiveCfg = Debug|Any CPU
		{3F80E194-4A0B-4E45-BB3E-5E482BF3139F}.Debug|Any CPU.Build.0 = Debug|Any CPU
		{3F80E194-4A0B-4E45-BB3E-5E482BF3139F}.Release|Any CPU.ActiveCfg = Release|Any CPU
		{3F80E194-4A0B-4E45-BB3E-5E482BF3139F}.Release|Any CPU.Build.0 = Release|Any CPU
		{1434C13F-494A-4196-8733-A3EDD0E5D6A5}.Debug|Any CPU.ActiveCfg = Debug|Any CPU
		{1434C13F-494A-4196-8733-A3EDD0E5D6A5}.Debug|Any CPU.Build.0 = Debug|Any CPU
		{1434C13F-494A-4196-8733-A3EDD0E5D6A5}.Release|Any CPU.ActiveCfg = Release|Any CPU
		{1434C13F-494A-4196-8733-A3EDD0E5D6A5}.Release|Any CPU.Build.0 = Release|Any CPU
		{54B9173D-E1E9-4783-925A-36E08E9690CF}.Debug|Any CPU.ActiveCfg = Debug|Any CPU
		{54B9173D-E1E9-4783-925A-36E08E9690CF}.Debug|Any CPU.Build.0 = Debug|Any CPU
		{54B9173D-E1E9-4783-925A-36E08E9690CF}.Release|Any CPU.ActiveCfg = Release|Any CPU
		{54B9173D-E1E9-4783-925A-36E08E9690CF}.Release|Any CPU.Build.0 = Release|Any CPU
		{B6F47364-DF03-492A-A94D-B4A347CD4991}.Debug|Any CPU.ActiveCfg = Debug|Any CPU
		{B6F47364-DF03-492A-A94D-B4A347CD4991}.Debug|Any CPU.Build.0 = Debug|Any CPU
		{B6F47364-DF03-492A-A94D-B4A347CD4991}.Release|Any CPU.ActiveCfg = Release|Any CPU
		{B6F47364-DF03-492A-A94D-B4A347CD4991}.Release|Any CPU.Build.0 = Release|Any CPU
		{EDA311FE-54EE-4358-93CD-4AD933D34AC6}.Debug|Any CPU.ActiveCfg = Debug|Any CPU
		{EDA311FE-54EE-4358-93CD-4AD933D34AC6}.Debug|Any CPU.Build.0 = Debug|Any CPU
		{EDA311FE-54EE-4358-93CD-4AD933D34AC6}.Release|Any CPU.ActiveCfg = Release|Any CPU
		{EDA311FE-54EE-4358-93CD-4AD933D34AC6}.Release|Any CPU.Build.0 = Release|Any CPU
		{74C3108C-141B-4ABE-8B10-663DAEE8AC5E}.Debug|Any CPU.ActiveCfg = Debug|Any CPU
		{74C3108C-141B-4ABE-8B10-663DAEE8AC5E}.Debug|Any CPU.Build.0 = Debug|Any CPU
		{74C3108C-141B-4ABE-8B10-663DAEE8AC5E}.Release|Any CPU.ActiveCfg = Release|Any CPU
		{74C3108C-141B-4ABE-8B10-663DAEE8AC5E}.Release|Any CPU.Build.0 = Release|Any CPU
		{6C10B34D-4B02-4F2C-A964-8955677A5213}.Debug|Any CPU.ActiveCfg = Debug|Any CPU
		{6C10B34D-4B02-4F2C-A964-8955677A5213}.Debug|Any CPU.Build.0 = Debug|Any CPU
		{6C10B34D-4B02-4F2C-A964-8955677A5213}.Release|Any CPU.ActiveCfg = Release|Any CPU
		{6C10B34D-4B02-4F2C-A964-8955677A5213}.Release|Any CPU.Build.0 = Release|Any CPU
		{E73F5EDD-E10B-4171-9195-4D1881AEE3D4}.Debug|Any CPU.ActiveCfg = Debug|Any CPU
		{E73F5EDD-E10B-4171-9195-4D1881AEE3D4}.Debug|Any CPU.Build.0 = Debug|Any CPU
		{E73F5EDD-E10B-4171-9195-4D1881AEE3D4}.Release|Any CPU.ActiveCfg = Release|Any CPU
		{E73F5EDD-E10B-4171-9195-4D1881AEE3D4}.Release|Any CPU.Build.0 = Release|Any CPU
		{1142E396-AED6-440D-B55D-1A21ABB397AF}.Debug|Any CPU.ActiveCfg = Debug|Any CPU
		{1142E396-AED6-440D-B55D-1A21ABB397AF}.Debug|Any CPU.Build.0 = Debug|Any CPU
		{1142E396-AED6-440D-B55D-1A21ABB397AF}.Release|Any CPU.ActiveCfg = Release|Any CPU
		{1142E396-AED6-440D-B55D-1A21ABB397AF}.Release|Any CPU.Build.0 = Release|Any CPU
		{EAF1DF03-3DD6-45A6-9D07-E70389FCF385}.Debug|Any CPU.ActiveCfg = Debug|Any CPU
		{EAF1DF03-3DD6-45A6-9D07-E70389FCF385}.Debug|Any CPU.Build.0 = Debug|Any CPU
		{EAF1DF03-3DD6-45A6-9D07-E70389FCF385}.Release|Any CPU.ActiveCfg = Release|Any CPU
		{EAF1DF03-3DD6-45A6-9D07-E70389FCF385}.Release|Any CPU.Build.0 = Release|Any CPU
		{D7C4A5B1-9E4C-4512-88E5-117DD7305C40}.Debug|Any CPU.ActiveCfg = Debug|Any CPU
		{D7C4A5B1-9E4C-4512-88E5-117DD7305C40}.Debug|Any CPU.Build.0 = Debug|Any CPU
		{D7C4A5B1-9E4C-4512-88E5-117DD7305C40}.Release|Any CPU.ActiveCfg = Release|Any CPU
		{D7C4A5B1-9E4C-4512-88E5-117DD7305C40}.Release|Any CPU.Build.0 = Release|Any CPU
		{AE9CBC0A-0F5A-4B9B-9B6F-787454F02B4A}.Debug|Any CPU.ActiveCfg = Debug|Any CPU
		{AE9CBC0A-0F5A-4B9B-9B6F-787454F02B4A}.Debug|Any CPU.Build.0 = Debug|Any CPU
		{AE9CBC0A-0F5A-4B9B-9B6F-787454F02B4A}.Release|Any CPU.ActiveCfg = Release|Any CPU
		{AE9CBC0A-0F5A-4B9B-9B6F-787454F02B4A}.Release|Any CPU.Build.0 = Release|Any CPU
		{3A3CEF94-9593-4AF6-807A-3405B0E7603E}.Debug|Any CPU.ActiveCfg = Debug|Any CPU
		{3A3CEF94-9593-4AF6-807A-3405B0E7603E}.Debug|Any CPU.Build.0 = Debug|Any CPU
		{3A3CEF94-9593-4AF6-807A-3405B0E7603E}.Release|Any CPU.ActiveCfg = Release|Any CPU
		{3A3CEF94-9593-4AF6-807A-3405B0E7603E}.Release|Any CPU.Build.0 = Release|Any CPU
		{E850BB01-20C5-42EF-8543-DBEBE917E4E1}.Debug|Any CPU.ActiveCfg = Debug|Any CPU
		{E850BB01-20C5-42EF-8543-DBEBE917E4E1}.Debug|Any CPU.Build.0 = Debug|Any CPU
		{E850BB01-20C5-42EF-8543-DBEBE917E4E1}.Release|Any CPU.ActiveCfg = Release|Any CPU
		{E850BB01-20C5-42EF-8543-DBEBE917E4E1}.Release|Any CPU.Build.0 = Release|Any CPU
	EndGlobalSection
	GlobalSection(SolutionProperties) = preSolution
		HideSolutionNode = FALSE
	EndGlobalSection
	GlobalSection(NestedProjects) = preSolution
		{EDA311FE-54EE-4358-93CD-4AD933D34AC6} = {08C7725B-C66C-4D41-9FF3-AA3A75A091ED}
		{74C3108C-141B-4ABE-8B10-663DAEE8AC5E} = {422B0FB0-B210-4FFA-8D78-05232058186E}
		{AE9CBC0A-0F5A-4B9B-9B6F-787454F02B4A} = {422B0FB0-B210-4FFA-8D78-05232058186E}
		{754B9CDA-0C8F-40FF-A0E0-EE435E87CE9B} = {D1E21502-D146-4A1A-A3C0-DAC97E8A8171}
		{939A547D-267D-400A-A493-42B511126B66} = {D1E21502-D146-4A1A-A3C0-DAC97E8A8171}
		{1142E396-AED6-440D-B55D-1A21ABB397AF} = {D9A93F84-82B8-4896-AD69-2EF2EDF5F19D}
		{A6B127B1-E4DD-46EC-9439-3C5D8BE97E24} = {5C8F0A98-3A32-4766-8DFE-71550844CFD8}
		{BF8AA36E-9573-49A0-9B3B-2935CCFC8731} = {5C8F0A98-3A32-4766-8DFE-71550844CFD8}
		{E73F5EDD-E10B-4171-9195-4D1881AEE3D4} = {5C8F0A98-3A32-4766-8DFE-71550844CFD8}
		{54B9173D-E1E9-4783-925A-36E08E9690CF} = {5C8F0A98-3A32-4766-8DFE-71550844CFD8}
		{3F80E194-4A0B-4E45-BB3E-5E482BF3139F} = {5C8F0A98-3A32-4766-8DFE-71550844CFD8}
		{C747901F-7EE1-4AED-AB7B-547C6AEC99A0} = {5C8F0A98-3A32-4766-8DFE-71550844CFD8}
		{1434C13F-494A-4196-8733-A3EDD0E5D6A5} = {5C8F0A98-3A32-4766-8DFE-71550844CFD8}
		{B6F47364-DF03-492A-A94D-B4A347CD4991} = {3783C6AA-3D13-4D6F-947B-87D7EAE48D3F}
		{D7C4A5B1-9E4C-4512-88E5-117DD7305C40} = {3783C6AA-3D13-4D6F-947B-87D7EAE48D3F}
		{6C10B34D-4B02-4F2C-A964-8955677A5213} = {754B9CDA-0C8F-40FF-A0E0-EE435E87CE9B}
		{3A3CEF94-9593-4AF6-807A-3405B0E7603E} = {754B9CDA-0C8F-40FF-A0E0-EE435E87CE9B}
		{EAF1DF03-3DD6-45A6-9D07-E70389FCF385} = {939A547D-267D-400A-A493-42B511126B66}
		{E850BB01-20C5-42EF-8543-DBEBE917E4E1} = {939A547D-267D-400A-A493-42B511126B66}
	EndGlobalSection
EndGlobal
